{
  "name": "opc-inspector",
  "version": "1.0.0",
  "lockfileVersion": 1,
  "requires": true,
  "dependencies": {
    "async": {
      "version": "2.6.2",
      "resolved": "https://registry.npmjs.org/async/-/async-2.6.2.tgz",
      "integrity": "sha512-H1qVYh1MYhEEFLsP97cVKqCGo7KfCyTt6uEWqsTBr9SO84oK9Uwbyd/yCW+6rKJLHksBNUVWZDAjfS+Ccx0Bbg==",
      "requires": {
        "lodash": "^4.17.11"
      }
    },
    "axios": {
      "version": "0.18.0",
      "resolved": "https://registry.npmjs.org/axios/-/axios-0.18.0.tgz",
      "integrity": "sha1-MtU+SFHv3AoRmTts0AB4nXDAUQI=",
      "requires": {
        "follow-redirects": "^1.3.0",
        "is-buffer": "^1.1.5"
      }
    },
    "bluebird": {
      "version": "3.5.3",
      "resolved": "https://registry.npmjs.org/bluebird/-/bluebird-3.5.3.tgz",
      "integrity": "sha512-/qKPUQlaW1OyR51WeCPBvRnAlnZFUJkCSG5HzGnuIqhgyJtF+T94lFnn33eiazjRm2LAHVy2guNnaq48X9SJuw=="
    },
    "csv": {
      "version": "5.1.1",
      "resolved": "https://registry.npmjs.org/csv/-/csv-5.1.1.tgz",
      "integrity": "sha512-gezB9D+enrh2tLj+vsAD8JyYRMIJdSMpec/Pgbb+7YRj6Q6/D12HLSwjhx+CrirRT4dESjZYXWX1JfqlV4RlTA==",
      "requires": {
        "csv-generate": "^3.2.0",
        "csv-parse": "^4.3.0",
        "csv-stringify": "^5.1.2",
        "stream-transform": "^1.0.8"
      }
    },
    "csv-generate": {
      "version": "3.2.0",
      "resolved": "https://registry.npmjs.org/csv-generate/-/csv-generate-3.2.0.tgz",
      "integrity": "sha512-ZdS2KrgoLxm1guL9XhuaZX223Tiorldvl9QC0M/gihcrJavNDokAp/rX3CyyRHpK+rImxEE3L47cHe7npQMkkg=="
    },
    "csv-parse": {
      "version": "4.3.3",
      "resolved": "https://registry.npmjs.org/csv-parse/-/csv-parse-4.3.3.tgz",
      "integrity": "sha512-bZ+AZjm2LlWEp5+TKeFeXDldduCUUaxEif+KUv+zvAwmCvCKTqeSHVEyxztGCQ6OE+87ObRq4NsCmg91SuJbhQ=="
    },
    "csv-stringify": {
      "version": "5.3.0",
      "resolved": "https://registry.npmjs.org/csv-stringify/-/csv-stringify-5.3.0.tgz",
      "integrity": "sha512-VMYPbE8zWz475smwqb9VbX9cj0y4J0PBl59UdcqzLkzXHZZ8dh4Rmbb0ZywsWEtUml4A96Hn7Q5MW9ppVghYzg==",
      "requires": {
        "lodash.get": "~4.4.2"
      }
    },
    "debug": {
      "version": "3.2.6",
      "resolved": "https://registry.npmjs.org/debug/-/debug-3.2.6.tgz",
      "integrity": "sha512-mel+jf7nrtEl5Pn1Qx46zARXKDpBbvzezse7p7LqINmdoIk8PYP5SySaxEmYv6TZ0JyEKA1hsCId6DIhgITtWQ==",
      "requires": {
        "ms": "^2.1.1"
      }
    },
    "dotenv": {
      "version": "6.2.0",
      "resolved": "https://registry.npmjs.org/dotenv/-/dotenv-6.2.0.tgz",
      "integrity": "sha512-HygQCKUBSFl8wKQZBSemMywRWcEDNidvNbjGVyZu3nbZ8qq9ubiPoGLMdRDpfSrpkkm9BXYFkpKxxFX38o/76w=="
    },
    "dotenv-defaults": {
      "version": "1.0.2",
      "resolved": "https://registry.npmjs.org/dotenv-defaults/-/dotenv-defaults-1.0.2.tgz",
      "integrity": "sha512-iXFvHtXl/hZPiFj++1hBg4lbKwGM+t/GlvELDnRtOFdjXyWP7mubkVr+eZGWG62kdsbulXAef6v/j6kiWc/xGA==",
      "requires": {
        "dotenv": "^6.2.0"
      }
    },
    "follow-redirects": {
      "version": "1.7.0",
      "resolved": "https://registry.npmjs.org/follow-redirects/-/follow-redirects-1.7.0.tgz",
      "integrity": "sha512-m/pZQy4Gj287eNy94nivy5wchN3Kp+Q5WgUPNy5lJSZ3sgkVKSYV/ZChMAQVIgx1SqfZ2zBZtPA2YlXIWxxJOQ==",
      "requires": {
        "debug": "^3.2.6"
      }
    },
    "is-buffer": {
      "version": "1.1.6",
      "resolved": "https://registry.npmjs.org/is-buffer/-/is-buffer-1.1.6.tgz",
      "integrity": "sha512-NcdALwpXkTm5Zvvbk7owOUSvVvBKDgKP5/ewfXEznmQFfs4ZRmanOeKBTjRVjka3QFoN6XJ+9F3USqfHqTaU5w=="
    },
    "lodash": {
      "version": "4.17.11",
      "resolved": "https://registry.npmjs.org/lodash/-/lodash-4.17.11.tgz",
      "integrity": "sha512-cQKh8igo5QUhZ7lg38DYWAxMvjSAKG0A8wGSVimP07SIUEK2UO+arSRKbRZWtelMtN5V0Hkwh5ryOto/SshYIg=="
    },
    "lodash.get": {
      "version": "4.4.2",
      "resolved": "https://registry.npmjs.org/lodash.get/-/lodash.get-4.4.2.tgz",
      "integrity": "sha1-LRd/ZS+jHpObRDjVNBSZ36OCXpk="
    },
    "ms": {
      "version": "2.1.1",
      "resolved": "https://registry.npmjs.org/ms/-/ms-2.1.1.tgz",
      "integrity": "sha512-tgp+dl5cGk28utYktBsrFqA7HKgrhgPsg6Z/EfhWI4gl1Hwq8B/GmY/0oXZ6nF8hDVesS/FpnYaD/kOWhYQvyg=="
    },
    "readline-sync": {
      "version": "1.4.9",
      "resolved": "https://registry.npmjs.org/readline-sync/-/readline-sync-1.4.9.tgz",
      "integrity": "sha1-PtqOZfI80qF+YTAbHwADOWr17No="
    },
    "stream-transform": {
      "version": "1.0.8",
      "resolved": "https://registry.npmjs.org/stream-transform/-/stream-transform-1.0.8.tgz",
      "integrity": "sha512-1q+dL790Ps0NV33rISMq9OLtfDA9KMJZdo1PHZXE85orrWsM4FAh8CVyAOTHO0rhyeM138KNPngBPrx33bFsxw=="
    }
  }
}
